
Microsoft Visual Studio Solution File, Format Version 12.00
# Visual Studio 15
VisualStudioVersion = 15.0.28307.421
MinimumVisualStudioVersion = 10.0.40219.1
Project("{8BC9CEB8-8B4A-11D0-8D11-00A0C91BC942}") = "CantDebug", "CantDebug\CantDebug.vcxproj", "{050DDCBA-59B8-488E-8D33-A7F2E711478A}"
EndProject
Project("{8BC9CEB8-8B4A-11D0-8D11-00A0C91BC942}") = "CantEngine", "CantEngine\CantEngine.vcxproj", "{428E3D55-F0E6-46C4-8B50-A3B53994B0B3}"
	ProjectSection(ProjectDependencies) = postProject
		{050DDCBA-59B8-488E-8D33-A7F2E711478A} = {050DDCBA-59B8-488E-8D33-A7F2E711478A}
	EndProjectSection
EndProject
Project("{8BC9CEB8-8B4A-11D0-8D11-00A0C91BC942}") = "Albot", "Albot\Albot.vcxproj", "{032F79CA-C555-4D2B-9648-4C99212F750F}"
	ProjectSection(ProjectDependencies) = postProject
		{428E3D55-F0E6-46C4-8B50-A3B53994B0B3} = {428E3D55-F0E6-46C4-8B50-A3B53994B0B3}
		{050DDCBA-59B8-488E-8D33-A7F2E711478A} = {050DDCBA-59B8-488E-8D33-A7F2E711478A}
	EndProjectSection
EndProject
Global
	GlobalSection(SolutionConfigurationPlatforms) = preSolution
		Debug|x64 = Debug|x64
		Debug|x86 = Debug|x86
		Developer|x64 = Developer|x64
		Developer|x86 = Developer|x86
		Release|x64 = Release|x64
		Release|x86 = Release|x86
	EndGlobalSection
	GlobalSection(ProjectConfigurationPlatforms) = postSolution
		{050DDCBA-59B8-488E-8D33-A7F2E711478A}.Debug|x64.ActiveCfg = Debug|x64
		{050DDCBA-59B8-488E-8D33-A7F2E711478A}.Debug|x64.Build.0 = Debug|x64
		{050DDCBA-59B8-488E-8D33-A7F2E711478A}.Debug|x86.ActiveCfg = Debug|Win32
		{050DDCBA-59B8-488E-8D33-A7F2E711478A}.Debug|x86.Build.0 = Debug|Win32
		{050DDCBA-59B8-488E-8D33-A7F2E711478A}.Developer|x64.ActiveCfg = Developer|x64
		{050DDCBA-59B8-488E-8D33-A7F2E711478A}.Developer|x64.Build.0 = Developer|x64
		{050DDCBA-59B8-488E-8D33-A7F2E711478A}.Developer|x86.ActiveCfg = Developer|Win32
		{050DDCBA-59B8-488E-8D33-A7F2E711478A}.Developer|x86.Build.0 = Developer|Win32
		{050DDCBA-59B8-488E-8D33-A7F2E711478A}.Release|x64.ActiveCfg = Release|x64
		{050DDCBA-59B8-488E-8D33-A7F2E711478A}.Release|x86.ActiveCfg = Release|Win32
		{428E3D55-F0E6-46C4-8B50-A3B53994B0B3}.Debug|x64.ActiveCfg = Debug|x64
		{428E3D55-F0E6-46C4-8B50-A3B53994B0B3}.Debug|x64.Build.0 = Debug|x64
		{428E3D55-F0E6-46C4-8B50-A3B53994B0B3}.Debug|x86.ActiveCfg = Debug|Win32
		{428E3D55-F0E6-46C4-8B50-A3B53994B0B3}.Debug|x86.Build.0 = Debug|Win32
		{428E3D55-F0E6-46C4-8B50-A3B53994B0B3}.Developer|x64.ActiveCfg = Developer|x64
		{428E3D55-F0E6-46C4-8B50-A3B53994B0B3}.Developer|x64.Build.0 = Developer|x64
		{428E3D55-F0E6-46C4-8B50-A3B53994B0B3}.Developer|x86.ActiveCfg = Debug|Win32
		{428E3D55-F0E6-46C4-8B50-A3B53994B0B3}.Developer|x86.Build.0 = Debug|Win32
		{428E3D55-F0E6-46C4-8B50-A3B53994B0B3}.Release|x64.ActiveCfg = Release|x64
		{428E3D55-F0E6-46C4-8B50-A3B53994B0B3}.Release|x64.Build.0 = Release|x64
		{428E3D55-F0E6-46C4-8B50-A3B53994B0B3}.Release|x86.ActiveCfg = Release|Win32
		{428E3D55-F0E6-46C4-8B50-A3B53994B0B3}.Release|x86.Build.0 = Release|Win32
		{032F79CA-C555-4D2B-9648-4C99212F750F}.Debug|x64.ActiveCfg = Debug|x64
		{032F79CA-C555-4D2B-9648-4C99212F750F}.Debug|x64.Build.0 = Debug|x64
		{032F79CA-C555-4D2B-9648-4C99212F750F}.Debug|x86.ActiveCfg = Debug|Win32
		{032F79CA-C555-4D2B-9648-4C99212F750F}.Debug|x86.Build.0 = Debug|Win32
		{032F79CA-C555-4D2B-9648-4C99212F750F}.Developer|x64.ActiveCfg = Developer|x64
		{032F79CA-C555-4D2B-9648-4C99212F750F}.Developer|x64.Build.0 = Developer|x64
		{032F79CA-C555-4D2B-9648-4C99212F750F}.Developer|x86.ActiveCfg = Debug|Win32
		{032F79CA-C555-4D2B-9648-4C99212F750F}.Developer|x86.Build.0 = Debug|Win32
		{032F79CA-C555-4D2B-9648-4C99212F750F}.Release|x64.ActiveCfg = Release|x64
		{032F79CA-C555-4D2B-9648-4C99212F750F}.Release|x64.Build.0 = Release|x64
		{032F79CA-C555-4D2B-9648-4C99212F750F}.Release|x86.ActiveCfg = Release|Win32
		{032F79CA-C555-4D2B-9648-4C99212F750F}.Release|x86.Build.0 = Release|Win32
	EndGlobalSection
	GlobalSection(SolutionProperties) = preSolution
		HideSolutionNode = FALSE
	EndGlobalSection
	GlobalSection(ExtensibilityGlobals) = postSolution
		SolutionGuid = {0C0B7D53-62B3-41F0-9911-5AC18FD08E02}
	EndGlobalSection
EndGlobal
