<?xml version="1.0" encoding="utf-8"?>
<Project ToolsVersion="4.0" xmlns="http://schemas.microsoft.com/developer/msbuild/2003">
  <ItemGroup>
    <Filter Include="Source Files">
      <UniqueIdentifier>{4FC737F1-C7A5-4376-A066-2A32D752A2FF}</UniqueIdentifier>
      <Extensions>cpp;c;cc;cxx;def;odl;idl;hpj;bat;asm;asmx</Extensions>
    </Filter>
    <Filter Include="Header Files">
      <UniqueIdentifier>{93995380-89BD-4b04-88EB-625FBE52EBFB}</UniqueIdentifier>
      <Extensions>h;hh;hpp;hxx;hm;inl;inc;ipp;xsd</Extensions>
    </Filter>
    <Filter Include="Resource Files">
      <UniqueIdentifier>{67DA6AB6-F800-4c08-8B7A-83BB121AAD01}</UniqueIdentifier>
      <Extensions>rc;ico;cur;bmp;dlg;rc2;rct;bin;rgs;gif;jpg;jpeg;jpe;resx;tiff;tif;png;wav;mfcribbon-ms</Extensions>
    </Filter>
  </ItemGroup>
  <ItemGroup>
    <ClCompile Include="Code\Main.cpp">
      <Filter>Source Files</Filter>
    </ClCompile>
    <ClCompile Include="Code\Memory\StackAllocator.cpp">
      <Filter>Source Files</Filter>
    </ClCompile>
    <ClCompile Include="Code\stdafx.cpp">
      <Filter>Source Files</Filter>
    </ClCompile>
    <ClCompile Include="Code\Managers\CameraManager.cpp">
      <Filter>Source Files</Filter>
    </ClCompile>
    <ClCompile Include="Code\Managers\EventManager.cpp">
      <Filter>Source Files</Filter>
    </ClCompile>
    <ClCompile Include="Code\Managers\FrameManager.cpp">
      <Filter>Source Files</Filter>
    </ClCompile>
    <ClCompile Include="Code\Managers\InputManager.cpp">
      <Filter>Source Files</Filter>
    </ClCompile>
    <ClCompile Include="Code\Managers\WindowManager.cpp">
      <Filter>Source Files</Filter>
    </ClCompile>
    <ClCompile Include="Code\Graphics\Camera.cpp">
      <Filter>Source Files</Filter>
    </ClCompile>
    <ClCompile Include="Code\GameObjects\GameObject.cpp">
      <Filter>Source Files</Filter>
    </ClCompile>
    <ClCompile Include="Code\Components\BaseComponent.cpp">
      <Filter>Source Files</Filter>
    </ClCompile>
    <ClCompile Include="Code\Components\TestComponent.cpp">
      <Filter>Source Files</Filter>
    </ClCompile>
    <ClCompile Include="Code\Components\TransformComponent.cpp">
      <Filter>Source Files</Filter>
    </ClCompile>
    <ClCompile Include="Code\Components\RendererComponent.cpp">
      <Filter>Source Files</Filter>
    </ClCompile>
    <ClCompile Include="Code\Components\RigidbodyComponent.cpp">
      <Filter>Source Files</Filter>
    </ClCompile>
    <ClCompile Include="Code\Factory\Factory.cpp">
      <Filter>Source Files</Filter>
    </ClCompile>
    <ClCompile Include="Code\Managers\GameObjectManager.cpp">
      <Filter>Source Files</Filter>
    </ClCompile>
    <ClCompile Include="Code\Managers\SystemManager.cpp">
      <Filter>Source Files</Filter>
    </ClCompile>
    <ClCompile Include="Code\Systems\BaseSystem.cpp">
      <Filter>Source Files</Filter>
    </ClCompile>
    <ClCompile Include="Code\Systems\RenderingSystem.cpp">
      <Filter>Source Files</Filter>
    </ClCompile>
    <ClCompile Include="Code\Systems\RigidbodySystem.cpp">
      <Filter>Source Files</Filter>
    </ClCompile>
    <ClCompile Include="Code\Systems\TestSystem.cpp">
      <Filter>Source Files</Filter>
    </ClCompile>
    <ClCompile Include="Code\States\State.cpp">
      <Filter>Source Files</Filter>
    </ClCompile>
    <ClCompile Include="Code\Managers\StateManager.cpp">
      <Filter>Source Files</Filter>
    </ClCompile>
    <ClCompile Include="Code\Physics\Geometry\Aabb.cpp">
      <Filter>Source Files</Filter>
    </ClCompile>
    <ClCompile Include="Code\Physics\PhysicsManager.cpp">
      <Filter>Source Files</Filter>
    </ClCompile>
    <ClCompile Include="Code\Physics\SpatialPartition\DynamicAabbTree.cpp">
      <Filter>Source Files</Filter>
    </ClCompile>
    <ClCompile Include="Code\Physics\SpatialPartition\QueryResults.cpp">
      <Filter>Source Files</Filter>
    </ClCompile>
    <ClCompile Include="Code\Physics\SpatialPartition\SpatialPartitionData.cpp">
      <Filter>Source Files</Filter>
    </ClCompile>
    <ClCompile Include="Code\Physics\Geometry\Intersection.cpp">
      <Filter>Source Files</Filter>
    </ClCompile>
    <ClCompile Include="Code\Physics\Geometry\Sphere.cpp">
      <Filter>Source Files</Filter>
    </ClCompile>
    <ClCompile Include="Code\Memory\PoolAllocator.cpp">
      <Filter>Source Files</Filter>
    </ClCompile>
    <ClCompile Include="Code\Systems\TransformSystem.cpp">
      <Filter>Source Files</Filter>
    </ClCompile>
    <ClCompile Include="Code\Systems\FPSCameraSystem.cpp">
      <Filter>Source Files</Filter>
    </ClCompile>
    <ClCompile Include="Code\Components\CameraComponent.cpp">
      <Filter>Source Files</Filter>
    </ClCompile>
    <ClCompile Include="Code\Graphics\AppRenderer.cpp">
      <Filter>Source Files</Filter>
    </ClCompile>
    <ClCompile Include="Code\Graphics\BlendState.cpp">
      <Filter>Source Files</Filter>
    </ClCompile>
    <ClCompile Include="Code\Graphics\Buffer.cpp">
      <Filter>Source Files</Filter>
    </ClCompile>
    <ClCompile Include="Code\Graphics\D3D11_Renderer.cpp">
      <Filter>Source Files</Filter>
    </ClCompile>
    <ClCompile Include="Code\Graphics\DebugRendering.cpp">
      <Filter>Source Files</Filter>
    </ClCompile>
    <ClCompile Include="Code\Graphics\DepthState.cpp">
      <Filter>Source Files</Filter>
    </ClCompile>
    <ClCompile Include="Code\Graphics\DXResourceLoader.cpp">
      <Filter>Source Files</Filter>
    </ClCompile>
    <ClCompile Include="Code\Graphics\Light.cpp">
      <Filter>Source Files</Filter>
    </ClCompile>
    <ClCompile Include="Code\Graphics\Material.cpp">
      <Filter>Source Files</Filter>
    </ClCompile>
    <ClCompile Include="Code\Graphics\Mesh.cpp">
      <Filter>Source Files</Filter>
    </ClCompile>
    <ClCompile Include="Code\Graphics\Model.cpp">
      <Filter>Source Files</Filter>
    </ClCompile>
    <ClCompile Include="Code\Graphics\ModelLoader.cpp">
      <Filter>Source Files</Filter>
    </ClCompile>
    <ClCompile Include="Code\Graphics\Pipeline.cpp">
      <Filter>Source Files</Filter>
    </ClCompile>
    <ClCompile Include="Code\Graphics\RasterizerState.cpp">
      <Filter>Source Files</Filter>
    </ClCompile>
    <ClCompile Include="Code\Graphics\RenderTarget.cpp">
      <Filter>Source Files</Filter>
    </ClCompile>
    <ClCompile Include="Code\Graphics\Sampler.cpp">
      <Filter>Source Files</Filter>
    </ClCompile>
    <ClCompile Include="Code\Graphics\Shader.cpp">
      <Filter>Source Files</Filter>
    </ClCompile>
    <ClCompile Include="Code\Graphics\Texture.cpp">
      <Filter>Source Files</Filter>
    </ClCompile>
    <ClCompile Include="Code\Managers\ResourceManager.cpp">
      <Filter>Source Files</Filter>
    </ClCompile>
  </ItemGroup>
  <ItemGroup>
    <ClInclude Include="Code\Memory\StackAllocator.h">
      <Filter>Header Files</Filter>
    </ClInclude>
    <ClInclude Include="Code\CantDebug\CantDebug.h">
      <Filter>Header Files</Filter>
    </ClInclude>
    <ClInclude Include="Code\stdafx.h">
      <Filter>Header Files</Filter>
    </ClInclude>
    <ClInclude Include="Code\Managers\CameraManager.h">
      <Filter>Header Files</Filter>
    </ClInclude>
    <ClInclude Include="Code\Managers\EventManager.h">
      <Filter>Header Files</Filter>
    </ClInclude>
    <ClInclude Include="Code\Managers\FrameManager.h">
      <Filter>Header Files</Filter>
    </ClInclude>
    <ClInclude Include="Code\Managers\InputManager.h">
      <Filter>Header Files</Filter>
    </ClInclude>
    <ClInclude Include="Code\Managers\WindowManager.h">
      <Filter>Header Files</Filter>
    </ClInclude>
    <ClInclude Include="Code\Graphics\Camera.h">
      <Filter>Header Files</Filter>
    </ClInclude>
    <ClInclude Include="Code\GameObjects\GameObject.h">
      <Filter>Header Files</Filter>
    </ClInclude>
    <ClInclude Include="Code\Components\TransformComponent.h">
      <Filter>Header Files</Filter>
    </ClInclude>
    <ClInclude Include="Code\Components\BaseComponent.h">
      <Filter>Header Files</Filter>
    </ClInclude>
    <ClInclude Include="Code\Components\TestComponent.h">
      <Filter>Header Files</Filter>
    </ClInclude>
    <ClInclude Include="Code\Components\RendererComponent.h">
      <Filter>Header Files</Filter>
    </ClInclude>
    <ClInclude Include="Code\Components\RigidbodyComponent.h">
      <Filter>Header Files</Filter>
    </ClInclude>
    <ClInclude Include="Code\Factory\Factory.h">
      <Filter>Header Files</Filter>
    </ClInclude>
    <ClInclude Include="Code\Managers\GameObjectManager.h">
      <Filter>Header Files</Filter>
    </ClInclude>
    <ClInclude Include="Code\Managers\SystemManager.h">
      <Filter>Header Files</Filter>
    </ClInclude>
    <ClInclude Include="Code\Systems\BaseSystem.h">
      <Filter>Header Files</Filter>
    </ClInclude>
    <ClInclude Include="Code\Systems\RenderingSystem.h">
      <Filter>Header Files</Filter>
    </ClInclude>
    <ClInclude Include="Code\Systems\RigidbodySystem.h">
      <Filter>Header Files</Filter>
    </ClInclude>
    <ClInclude Include="Code\Physics\Geometry\Aabb.h">
      <Filter>Header Files</Filter>
    </ClInclude>
    <ClInclude Include="Code\Physics\PhysicsManager.h">
      <Filter>Header Files</Filter>
    </ClInclude>
    <ClInclude Include="Code\Physics\SpatialPartition\DynamicAabbTree.h">
      <Filter>Header Files</Filter>
    </ClInclude>
    <ClInclude Include="Code\Physics\SpatialPartition\QueryResults.h">
      <Filter>Header Files</Filter>
    </ClInclude>
    <ClInclude Include="Code\Physics\SpatialPartition\SpatialPartitionData.h">
      <Filter>Header Files</Filter>
    </ClInclude>
    <ClInclude Include="Code\Physics\Geometry\Intersection.h">
      <Filter>Header Files</Filter>
    </ClInclude>
    <ClInclude Include="Code\Physics\Geometry\Shape.h">
      <Filter>Header Files</Filter>
    </ClInclude>
    <ClInclude Include="Code\Physics\Geometry\Sphere.h">
      <Filter>Header Files</Filter>
    </ClInclude>
    <ClInclude Include="Code\Physics\PhysicsUtils.h">
      <Filter>Header Files</Filter>
    </ClInclude>
    <ClInclude Include="Code\Memory\PoolAllocator.h">
      <Filter>Header Files</Filter>
    </ClInclude>
    <ClInclude Include="Code\Events\Delegate.h">
      <Filter>Header Files</Filter>
    </ClInclude>
    <ClInclude Include="Code\Events\Multicast.h">
      <Filter>Header Files</Filter>
    </ClInclude>
    <ClInclude Include="Code\Systems\TestSystem.h">
      <Filter>Header Files</Filter>
    </ClInclude>
    <ClInclude Include="Code\States\State.h">
      <Filter>Header Files</Filter>
    </ClInclude>
    <ClInclude Include="Code\Managers\StateManager.h">
      <Filter>Header Files</Filter>
    </ClInclude>
    <ClInclude Include="Code\Systems\TransformSystem.h">
      <Filter>Header Files</Filter>
    </ClInclude>
    <ClInclude Include="..\ThirdParty\Include\stb_image.h">
      <Filter>Header Files</Filter>
    </ClInclude>
    <ClInclude Include="Code\Components\CameraComponent.h">
      <Filter>Header Files</Filter>
    </ClInclude>
    <ClInclude Include="Code\Systems\FPSCameraSystem.h">
      <Filter>Header Files</Filter>
    </ClInclude>
    <ClInclude Include="Code\Graphics\AppRenderer.h">
      <Filter>Header Files</Filter>
    </ClInclude>
    <ClInclude Include="Code\Graphics\BlendState.h">
      <Filter>Header Files</Filter>
    </ClInclude>
    <ClInclude Include="Code\Graphics\Buffer.h">
      <Filter>Header Files</Filter>
    </ClInclude>
    <ClInclude Include="Code\Graphics\Common_Renderer.h">
      <Filter>Header Files</Filter>
    </ClInclude>
    <ClInclude Include="Code\Graphics\D3D_Commands.h">
      <Filter>Header Files</Filter>
    </ClInclude>
    <ClInclude Include="Code\Graphics\D3D11_Renderer.h">
      <Filter>Header Files</Filter>
    </ClInclude>
    <ClInclude Include="Code\Graphics\d3dUtils.h">
      <Filter>Header Files</Filter>
    </ClInclude>
    <ClInclude Include="Code\Graphics\DebugRendering.h">
      <Filter>Header Files</Filter>
    </ClInclude>
    <ClInclude Include="Code\Graphics\DepthState.h">
      <Filter>Header Files</Filter>
    </ClInclude>
    <ClInclude Include="Code\Graphics\DescriptorData.h">
      <Filter>Header Files</Filter>
    </ClInclude>
    <ClInclude Include="Code\Graphics\DXResourceLoader.h">
      <Filter>Header Files</Filter>
    </ClInclude>
    <ClInclude Include="Code\Graphics\Light.h">
      <Filter>Header Files</Filter>
    </ClInclude>
    <ClInclude Include="Code\Graphics\Material.h">
      <Filter>Header Files</Filter>
    </ClInclude>
    <ClInclude Include="Code\Graphics\Mesh.h">
      <Filter>Header Files</Filter>
    </ClInclude>
    <ClInclude Include="Code\Graphics\Model.h">
      <Filter>Header Files</Filter>
    </ClInclude>
    <ClInclude Include="Code\Graphics\ModelLoader.h">
      <Filter>Header Files</Filter>
    </ClInclude>
    <ClInclude Include="Code\Graphics\Pipeline.h">
      <Filter>Header Files</Filter>
    </ClInclude>
    <ClInclude Include="Code\Graphics\RasterizerState.h">
      <Filter>Header Files</Filter>
    </ClInclude>
    <ClInclude Include="Code\Graphics\Renderer_Includes.h">
      <Filter>Header Files</Filter>
    </ClInclude>
    <ClInclude Include="Code\Graphics\RenderTarget.h">
      <Filter>Header Files</Filter>
    </ClInclude>
    <ClInclude Include="Code\Graphics\Sampler.h">
      <Filter>Header Files</Filter>
    </ClInclude>
    <ClInclude Include="Code\Graphics\Shader.h">
      <Filter>Header Files</Filter>
    </ClInclude>
    <ClInclude Include="Code\Graphics\Texture.h">
      <Filter>Header Files</Filter>
    </ClInclude>
    <ClInclude Include="Code\Graphics\VertexLayout.h">
      <Filter>Header Files</Filter>
    </ClInclude>
    <ClInclude Include="Code\Managers\ResourceManager.h">
      <Filter>Header Files</Filter>
    </ClInclude>
  </ItemGroup>
  <ItemGroup>
    <FxCompile Include="Code\Shaders\debug_frag.hlsl" />
    <FxCompile Include="Code\Shaders\debug_instance_vert.hlsl" />
    <FxCompile Include="Code\Shaders\debug_line_vert.hlsl" />
    <FxCompile Include="Code\Shaders\skybox_frag.hlsl" />
    <FxCompile Include="Code\Shaders\skybox_vert.hlsl" />
  </ItemGroup>
</Project>