<?xml version="1.0" encoding="utf-8"?>
<Project ToolsVersion="4.0" xmlns="http://schemas.microsoft.com/developer/msbuild/2003">
  <ItemGroup>
    <Filter Include="Source Files">
      <UniqueIdentifier>{4FC737F1-C7A5-4376-A066-2A32D752A2FF}</UniqueIdentifier>
      <Extensions>cpp;c;cc;cxx;def;odl;idl;hpj;bat;asm;asmx</Extensions>
    </Filter>
    <Filter Include="Header Files">
      <UniqueIdentifier>{93995380-89BD-4b04-88EB-625FBE52EBFB}</UniqueIdentifier>
      <Extensions>h;hh;hpp;hxx;hm;inl;inc;ipp;xsd</Extensions>
    </Filter>
    <Filter Include="Resource Files">
      <UniqueIdentifier>{67DA6AB6-F800-4c08-8B7A-83BB121AAD01}</UniqueIdentifier>
      <Extensions>rc;ico;cur;bmp;dlg;rc2;rct;bin;rgs;gif;jpg;jpeg;jpe;resx;tiff;tif;png;wav;mfcribbon-ms</Extensions>
    </Filter>
  </ItemGroup>
  <ItemGroup>
    <ClCompile Include="stdafx.cpp">
      <Filter>Source Files</Filter>
    </ClCompile>
    <ClCompile Include="CantDebug\CantDebug.cpp">
      <Filter>Source Files</Filter>
    </ClCompile>
    <ClCompile Include="Components\CustomComponent\CustomComponent.cpp">
      <Filter>Source Files</Filter>
    </ClCompile>
    <ClCompile Include="Components\BaseComponent.cpp">
      <Filter>Source Files</Filter>
    </ClCompile>
    <ClCompile Include="Components\CameraComponent.cpp">
      <Filter>Source Files</Filter>
    </ClCompile>
    <ClCompile Include="Components\LightComponent.cpp">
      <Filter>Source Files</Filter>
    </ClCompile>
    <ClCompile Include="Components\MeshComponent.cpp">
      <Filter>Source Files</Filter>
    </ClCompile>
    <ClCompile Include="Components\RendererComponent.cpp">
      <Filter>Source Files</Filter>
    </ClCompile>
    <ClCompile Include="Components\RigidbodyComponent.cpp">
      <Filter>Source Files</Filter>
    </ClCompile>
    <ClCompile Include="Components\TestComponent.cpp">
      <Filter>Source Files</Filter>
    </ClCompile>
    <ClCompile Include="Components\TransformComponent.cpp">
      <Filter>Source Files</Filter>
    </ClCompile>
    <ClCompile Include="Events\BaseEvent.cpp">
      <Filter>Source Files</Filter>
    </ClCompile>
    <ClCompile Include="Events\EventBus.cpp">
      <Filter>Source Files</Filter>
    </ClCompile>
    <ClCompile Include="Factory\Factory.cpp">
      <Filter>Source Files</Filter>
    </ClCompile>
    <ClCompile Include="GameObjects\GameObject.cpp">
      <Filter>Source Files</Filter>
    </ClCompile>
    <ClCompile Include="Graphics\AppRenderer.cpp">
      <Filter>Source Files</Filter>
    </ClCompile>
    <ClCompile Include="Graphics\BlendState.cpp">
      <Filter>Source Files</Filter>
    </ClCompile>
    <ClCompile Include="Graphics\Buffer.cpp">
      <Filter>Source Files</Filter>
    </ClCompile>
    <ClCompile Include="Graphics\Camera.cpp">
      <Filter>Source Files</Filter>
    </ClCompile>
    <ClCompile Include="Graphics\D3D11_Renderer.cpp">
      <Filter>Source Files</Filter>
    </ClCompile>
    <ClCompile Include="Graphics\DepthPassRendering.cpp">
      <Filter>Source Files</Filter>
    </ClCompile>
    <ClCompile Include="Graphics\DepthState.cpp">
      <Filter>Source Files</Filter>
    </ClCompile>
    <ClCompile Include="Graphics\DXResourceLoader.cpp">
      <Filter>Source Files</Filter>
    </ClCompile>
    <ClCompile Include="Graphics\GraphicsSettings.cpp">
      <Filter>Source Files</Filter>
    </ClCompile>
    <ClCompile Include="Graphics\Light.cpp">
      <Filter>Source Files</Filter>
    </ClCompile>
    <ClCompile Include="Graphics\Material.cpp">
      <Filter>Source Files</Filter>
    </ClCompile>
    <ClCompile Include="Graphics\Pipeline.cpp">
      <Filter>Source Files</Filter>
    </ClCompile>
    <ClCompile Include="Graphics\RasterizerState.cpp">
      <Filter>Source Files</Filter>
    </ClCompile>
    <ClCompile Include="Graphics\RenderTarget.cpp">
      <Filter>Source Files</Filter>
    </ClCompile>
    <ClCompile Include="Graphics\Sampler.cpp">
      <Filter>Source Files</Filter>
    </ClCompile>
    <ClCompile Include="Graphics\Shader.cpp">
      <Filter>Source Files</Filter>
    </ClCompile>
    <ClCompile Include="Graphics\Texture.cpp">
      <Filter>Source Files</Filter>
    </ClCompile>
    <ClCompile Include="Managers\CameraManager.cpp">
      <Filter>Source Files</Filter>
    </ClCompile>
    <ClCompile Include="Managers\EventManager.cpp">
      <Filter>Source Files</Filter>
    </ClCompile>
    <ClCompile Include="Managers\FrameManager.cpp">
      <Filter>Source Files</Filter>
    </ClCompile>
    <ClCompile Include="Managers\GameObjectManager.cpp">
      <Filter>Source Files</Filter>
    </ClCompile>
    <ClCompile Include="Managers\InputManager.cpp">
      <Filter>Source Files</Filter>
    </ClCompile>
    <ClCompile Include="Managers\ResourceManager.cpp">
      <Filter>Source Files</Filter>
    </ClCompile>
    <ClCompile Include="Managers\ScriptingManager.cpp">
      <Filter>Source Files</Filter>
    </ClCompile>
    <ClCompile Include="Managers\StateManager.cpp">
      <Filter>Source Files</Filter>
    </ClCompile>
    <ClCompile Include="Managers\SystemManager.cpp">
      <Filter>Source Files</Filter>
    </ClCompile>
    <ClCompile Include="Memory\CantMemory.cpp">
      <Filter>Source Files</Filter>
    </ClCompile>
    <ClCompile Include="Memory\StackAllocator.cpp">
      <Filter>Source Files</Filter>
    </ClCompile>
    <ClCompile Include="Physics\Geometry\Aabb.cpp">
      <Filter>Source Files</Filter>
    </ClCompile>
    <ClCompile Include="Physics\Geometry\Intersection.cpp">
      <Filter>Source Files</Filter>
    </ClCompile>
    <ClCompile Include="Physics\Geometry\Sphere.cpp">
      <Filter>Source Files</Filter>
    </ClCompile>
    <ClCompile Include="Physics\SpatialPartition\DynamicAabbTree.cpp">
      <Filter>Source Files</Filter>
    </ClCompile>
    <ClCompile Include="Physics\SpatialPartition\QueryResults.cpp">
      <Filter>Source Files</Filter>
    </ClCompile>
    <ClCompile Include="Physics\SpatialPartition\SpatialPartitionData.cpp">
      <Filter>Source Files</Filter>
    </ClCompile>
    <ClCompile Include="Physics\SuppportShape\ModelSupportShape.cpp">
      <Filter>Source Files</Filter>
    </ClCompile>
    <ClCompile Include="Physics\SuppportShape\ObbSupportShape.cpp">
      <Filter>Source Files</Filter>
    </ClCompile>
    <ClCompile Include="Physics\SuppportShape\SupportShape.cpp">
      <Filter>Source Files</Filter>
    </ClCompile>
    <ClCompile Include="Physics\CollisionTable.cpp">
      <Filter>Source Files</Filter>
    </ClCompile>
    <ClCompile Include="Reflection\Helpers.cpp">
      <Filter>Source Files</Filter>
    </ClCompile>
    <ClCompile Include="Reflection\Serialization.cpp">
      <Filter>Source Files</Filter>
    </ClCompile>
    <ClCompile Include="States\State.cpp">
      <Filter>Source Files</Filter>
    </ClCompile>
    <ClCompile Include="Systems\CustomSystem\CustomSystem.cpp">
      <Filter>Source Files</Filter>
    </ClCompile>
    <ClCompile Include="Systems\BaseSystem.cpp">
      <Filter>Source Files</Filter>
    </ClCompile>
    <ClCompile Include="Systems\CameraSystem.cpp">
      <Filter>Source Files</Filter>
    </ClCompile>
    <ClCompile Include="Systems\LightSystem.cpp">
      <Filter>Source Files</Filter>
    </ClCompile>
    <ClCompile Include="Systems\RenderingSystem.cpp">
      <Filter>Source Files</Filter>
    </ClCompile>
    <ClCompile Include="Systems\RigidbodySystem.cpp">
      <Filter>Source Files</Filter>
    </ClCompile>
    <ClCompile Include="Systems\TestSystem.cpp">
      <Filter>Source Files</Filter>
    </ClCompile>
    <ClCompile Include="Systems\TransformSystem.cpp">
      <Filter>Source Files</Filter>
    </ClCompile>
    <ClCompile Include="CantEngine.cpp">
      <Filter>Source Files</Filter>
    </ClCompile>
    <ClCompile Include="dllmain.cpp">
      <Filter>Source Files</Filter>
    </ClCompile>
    <ClCompile Include="stdafx.cpp">
      <Filter>Source Files</Filter>
    </ClCompile>
    <ClCompile Include="Physics\Constraint.cpp">
      <Filter>Source Files</Filter>
    </ClCompile>
    <ClCompile Include="Physics\PhysicsUtils.cpp">
      <Filter>Source Files</Filter>
    </ClCompile>
    <ClCompile Include="Physics\Geometry\RayCant.cpp">
      <Filter>Source Files</Filter>
    </ClCompile>
    <ClCompile Include="Physics\Geometry\Triangle.cpp">
      <Filter>Source Files</Filter>
    </ClCompile>
    <ClCompile Include="Physics\Gjk\CollisionManifold.cpp">
      <Filter>Source Files</Filter>
    </ClCompile>
    <ClCompile Include="Physics\Gjk\Gjk.cpp">
      <Filter>Source Files</Filter>
    </ClCompile>
    <ClCompile Include="Components\ParticleEmitterComponent.cpp">
      <Filter>Source Files</Filter>
    </ClCompile>
    <ClCompile Include="Systems\ParticleEmitterSystem.cpp">
      <Filter>Source Files</Filter>
    </ClCompile>
    <ClCompile Include="Physics\SpatialPartition\CastResults.cpp">
      <Filter>Source Files</Filter>
    </ClCompile>
    <ClCompile Include="Graphics\AppRendererInstance.cpp">
      <Filter>Source Files</Filter>
    </ClCompile>
    <ClCompile Include="Components\HaloEffectComponent.cpp">
      <Filter>Source Files</Filter>
    </ClCompile>
    <ClCompile Include="Systems\HaloEffectSystem.cpp">
      <Filter>Source Files</Filter>
    </ClCompile>
    <ClCompile Include="Directory\Directory.cpp">
      <Filter>Source Files</Filter>
    </ClCompile>
    <ClCompile Include="Directory\User.cpp">
      <Filter>Source Files</Filter>
    </ClCompile>
    <ClCompile Include="Graphics\Models\BoneModel.cpp">
      <Filter>Source Files</Filter>
    </ClCompile>
    <ClCompile Include="Graphics\Models\Model.cpp">
      <Filter>Source Files</Filter>
    </ClCompile>
    <ClCompile Include="Graphics\Models\ModelLoader.cpp">
      <Filter>Source Files</Filter>
    </ClCompile>
    <ClCompile Include="Graphics\Particles\ParticleRenderingInstance.cpp">
      <Filter>Source Files</Filter>
    </ClCompile>
    <ClCompile Include="Graphics\Particles\ParticleRendering.cpp">
      <Filter>Source Files</Filter>
    </ClCompile>
    <ClCompile Include="Graphics\PostEffects\MSAAResolvePass.cpp">
      <Filter>Source Files</Filter>
    </ClCompile>
    <ClCompile Include="Graphics\PostEffects\MSAAResolvePassInstance.cpp">
      <Filter>Source Files</Filter>
    </ClCompile>
    <ClCompile Include="Graphics\PostEffects\HaloEffect.cpp">
      <Filter>Source Files</Filter>
    </ClCompile>
    <ClCompile Include="Graphics\Shadows\MomentShadowMapRendering.cpp">
      <Filter>Source Files</Filter>
    </ClCompile>
    <ClCompile Include="Graphics\Deferred\DeferredRendering.cpp">
      <Filter>Source Files</Filter>
    </ClCompile>
    <ClCompile Include="Graphics\Models\Mesh.cpp">
      <Filter>Source Files</Filter>
    </ClCompile>
    <ClCompile Include="Graphics\DebugRendering\DebugRendering.cpp">
      <Filter>Source Files</Filter>
    </ClCompile>
    <ClCompile Include="Graphics\DebugRendering\DebugRenderingInstance.cpp">
      <Filter>Source Files</Filter>
    </ClCompile>
    <ClCompile Include="CantDebug\DebugManager.cpp">
      <Filter>Source Files</Filter>
    </ClCompile>
    <ClCompile Include="Events\GameObject\GameObjectDestroyed.h">
      <Filter>Source Files</Filter>
    </ClCompile>
    <ClCompile Include="Graphics\Deferred\DeferredRenderingInstance.cpp">
      <Filter>Source Files</Filter>
    </ClCompile>
    <ClCompile Include="Graphics\PostEffects\BlurImagePass.cpp">
      <Filter>Source Files</Filter>
    </ClCompile>
    <ClCompile Include="Animation\Animation.cpp">
      <Filter>Source Files</Filter>
    </ClCompile>
    <ClCompile Include="Animation\Bone.cpp">
      <Filter>Source Files</Filter>
    </ClCompile>
    <ClCompile Include="Animation\Interpolation.cpp">
      <Filter>Source Files</Filter>
    </ClCompile>
    <ClCompile Include="Animation\Quaternion.cpp">
      <Filter>Source Files</Filter>
    </ClCompile>
    <ClCompile Include="Components\AnimationComponent.cpp">
      <Filter>Source Files</Filter>
    </ClCompile>
    <ClCompile Include="Systems\AnimationSystem.cpp">
      <Filter>Source Files</Filter>
    </ClCompile>
    <ClCompile Include="Animation\FBXLoader.cpp">
      <Filter>Source Files</Filter>
    </ClCompile>
    <ClCompile Include="Animation\AnimModel.cpp">
      <Filter>Source Files</Filter>
    </ClCompile>
    <ClCompile Include="Graphics\IBL\EquirectangularToSkyboxRender.cpp">
      <Filter>Source Files</Filter>
    </ClCompile>
    <ClCompile Include="Graphics\IBL\BRDFLookupTexturePass.cpp">
      <Filter>Source Files</Filter>
    </ClCompile>
    <ClCompile Include="Graphics\IBL\IBLFilterEnvMapPass.cpp">
      <Filter>Source Files</Filter>
    </ClCompile>
    <ClCompile Include="Components\SkyboxIrradianceComponent.cpp">
      <Filter>Source Files</Filter>
    </ClCompile>
    <ClCompile Include="Systems\SkyboxIrradianceSystem.cpp">
      <Filter>Source Files</Filter>
    </ClCompile>
    <ClCompile Include="Components\UIComponent.cpp">
      <Filter>Source Files</Filter>
    </ClCompile>
    <ClCompile Include="Systems\UISystem.cpp">
      <Filter>Source Files</Filter>
    </ClCompile>
    <ClCompile Include="Managers\AudioManager.cpp">
      <Filter>Source Files</Filter>
    </ClCompile>
    <ClCompile Include="Graphics\UI_Rendering\UIObjectRendering.cpp">
      <Filter>Source Files</Filter>
    </ClCompile>
    <ClCompile Include="Graphics\UI_Rendering\UIObjectRenderingInstance.cpp">
      <Filter>Source Files</Filter>
    </ClCompile>
    <ClCompile Include="Graphics\TextRendering\TextRendering.cpp">
      <Filter>Source Files</Filter>
    </ClCompile>
    <ClCompile Include="Animation\AnimatorController.cpp">
      <Filter>Source Files</Filter>
    </ClCompile>
    <ClCompile Include="Graphics\TextRendering\TextRenderingInstance.cpp">
      <Filter>Source Files</Filter>
    </ClCompile>
  </ItemGroup>
  <ItemGroup>
    <ClInclude Include="CantDebug\CantDebug.h">
      <Filter>Header Files</Filter>
    </ClInclude>
    <ClInclude Include="Components\CustomComponent\CustomComponent.h">
      <Filter>Header Files</Filter>
    </ClInclude>
    <ClInclude Include="Components\AllComponentHeaders.h">
      <Filter>Header Files</Filter>
    </ClInclude>
    <ClInclude Include="Components\BaseComponent.h">
      <Filter>Header Files</Filter>
    </ClInclude>
    <ClInclude Include="Components\CameraComponent.h">
      <Filter>Header Files</Filter>
    </ClInclude>
    <ClInclude Include="Components\LightComponent.h">
      <Filter>Header Files</Filter>
    </ClInclude>
    <ClInclude Include="Components\MeshComponent.h">
      <Filter>Header Files</Filter>
    </ClInclude>
    <ClInclude Include="Components\RendererComponent.h">
      <Filter>Header Files</Filter>
    </ClInclude>
    <ClInclude Include="Components\RigidbodyComponent.h">
      <Filter>Header Files</Filter>
    </ClInclude>
    <ClInclude Include="Components\TestComponent.h">
      <Filter>Header Files</Filter>
    </ClInclude>
    <ClInclude Include="Components\TransformComponent.h">
      <Filter>Header Files</Filter>
    </ClInclude>
    <ClInclude Include="Events\Camera\CameraDestructionEvent.h">
      <Filter>Header Files</Filter>
    </ClInclude>
    <ClInclude Include="Events\Camera\CameraEvents.h">
      <Filter>Header Files</Filter>
    </ClInclude>
    <ClInclude Include="Events\Camera\CameraRegistrationEvent.h">
      <Filter>Header Files</Filter>
    </ClInclude>
    <ClInclude Include="Events\Input\Input.h">
      <Filter>Header Files</Filter>
    </ClInclude>
    <ClInclude Include="Events\Input\JoystickEvent.h">
      <Filter>Header Files</Filter>
    </ClInclude>
    <ClInclude Include="Events\Input\KeyEvent.h">
      <Filter>Header Files</Filter>
    </ClInclude>
    <ClInclude Include="Events\Input\WindowSizeEvent.h">
      <Filter>Header Files</Filter>
    </ClInclude>
    <ClInclude Include="Events\BaseEvent.h">
      <Filter>Header Files</Filter>
    </ClInclude>
    <ClInclude Include="Events\Delegate.h">
      <Filter>Header Files</Filter>
    </ClInclude>
    <ClInclude Include="Events\Event.h">
      <Filter>Header Files</Filter>
    </ClInclude>
    <ClInclude Include="Events\EventBus.h">
      <Filter>Header Files</Filter>
    </ClInclude>
    <ClInclude Include="Events\EventCallback.h">
      <Filter>Header Files</Filter>
    </ClInclude>
    <ClInclude Include="Events\Multicast.h">
      <Filter>Header Files</Filter>
    </ClInclude>
    <ClInclude Include="Factory\Factory.h">
      <Filter>Header Files</Filter>
    </ClInclude>
    <ClInclude Include="GameObjects\GameObject.h">
      <Filter>Header Files</Filter>
    </ClInclude>
    <ClInclude Include="Graphics\AppRenderer.h">
      <Filter>Header Files</Filter>
    </ClInclude>
    <ClInclude Include="Graphics\BlendState.h">
      <Filter>Header Files</Filter>
    </ClInclude>
    <ClInclude Include="Graphics\Buffer.h">
      <Filter>Header Files</Filter>
    </ClInclude>
    <ClInclude Include="Graphics\Camera.h">
      <Filter>Header Files</Filter>
    </ClInclude>
    <ClInclude Include="Graphics\Common_Renderer.h">
      <Filter>Header Files</Filter>
    </ClInclude>
    <ClInclude Include="Graphics\D3D_Commands.h">
      <Filter>Header Files</Filter>
    </ClInclude>
    <ClInclude Include="Graphics\D3D11_Renderer.h">
      <Filter>Header Files</Filter>
    </ClInclude>
    <ClInclude Include="Graphics\d3dUtils.h">
      <Filter>Header Files</Filter>
    </ClInclude>
    <ClInclude Include="Graphics\DepthPassRendering.h">
      <Filter>Header Files</Filter>
    </ClInclude>
    <ClInclude Include="Graphics\DepthState.h">
      <Filter>Header Files</Filter>
    </ClInclude>
    <ClInclude Include="Graphics\DescriptorData.h">
      <Filter>Header Files</Filter>
    </ClInclude>
    <ClInclude Include="Graphics\DXResourceLoader.h">
      <Filter>Header Files</Filter>
    </ClInclude>
    <ClInclude Include="Graphics\GraphicsSettings.h">
      <Filter>Header Files</Filter>
    </ClInclude>
    <ClInclude Include="Graphics\Light.h">
      <Filter>Header Files</Filter>
    </ClInclude>
    <ClInclude Include="Graphics\Material.h">
      <Filter>Header Files</Filter>
    </ClInclude>
    <ClInclude Include="Graphics\Pipeline.h">
      <Filter>Header Files</Filter>
    </ClInclude>
    <ClInclude Include="Graphics\RasterizerState.h">
      <Filter>Header Files</Filter>
    </ClInclude>
    <ClInclude Include="Graphics\Renderer_Includes.h">
      <Filter>Header Files</Filter>
    </ClInclude>
    <ClInclude Include="Graphics\RenderTarget.h">
      <Filter>Header Files</Filter>
    </ClInclude>
    <ClInclude Include="Graphics\Sampler.h">
      <Filter>Header Files</Filter>
    </ClInclude>
    <ClInclude Include="Graphics\Shader.h">
      <Filter>Header Files</Filter>
    </ClInclude>
    <ClInclude Include="Graphics\Texture.h">
      <Filter>Header Files</Filter>
    </ClInclude>
    <ClInclude Include="Graphics\VertexLayout.h">
      <Filter>Header Files</Filter>
    </ClInclude>
    <ClInclude Include="Helper\Constant.h">
      <Filter>Header Files</Filter>
    </ClInclude>
    <ClInclude Include="Helper\Hash.h">
      <Filter>Header Files</Filter>
    </ClInclude>
    <ClInclude Include="Helper\MathUtil.h">
      <Filter>Header Files</Filter>
    </ClInclude>
    <ClInclude Include="Managers\CameraManager.h">
      <Filter>Header Files</Filter>
    </ClInclude>
    <ClInclude Include="Managers\EventManager.h">
      <Filter>Header Files</Filter>
    </ClInclude>
    <ClInclude Include="Managers\FrameManager.h">
      <Filter>Header Files</Filter>
    </ClInclude>
    <ClInclude Include="Managers\GameObjectManager.h">
      <Filter>Header Files</Filter>
    </ClInclude>
    <ClInclude Include="Managers\InputManager.h">
      <Filter>Header Files</Filter>
    </ClInclude>
    <ClInclude Include="Managers\ResourceManager.h">
      <Filter>Header Files</Filter>
    </ClInclude>
    <ClInclude Include="Managers\ScriptingManager.h">
      <Filter>Header Files</Filter>
    </ClInclude>
    <ClInclude Include="Managers\StateManager.h">
      <Filter>Header Files</Filter>
    </ClInclude>
    <ClInclude Include="Managers\SystemManager.h">
      <Filter>Header Files</Filter>
    </ClInclude>
    <ClInclude Include="Memory\AllocatorTypes.h">
      <Filter>Header Files</Filter>
    </ClInclude>
    <ClInclude Include="Memory\CantMemory.h">
      <Filter>Header Files</Filter>
    </ClInclude>
    <ClInclude Include="Memory\PoolAllocator.h">
      <Filter>Header Files</Filter>
    </ClInclude>
    <ClInclude Include="Memory\StackAllocator.h">
      <Filter>Header Files</Filter>
    </ClInclude>
    <ClInclude Include="Physics\Geometry\Aabb.h">
      <Filter>Header Files</Filter>
    </ClInclude>
    <ClInclude Include="Physics\Geometry\Intersection.h">
      <Filter>Header Files</Filter>
    </ClInclude>
    <ClInclude Include="Physics\Geometry\Shape.h">
      <Filter>Header Files</Filter>
    </ClInclude>
    <ClInclude Include="Physics\Geometry\Sphere.h">
      <Filter>Header Files</Filter>
    </ClInclude>
    <ClInclude Include="Physics\SpatialPartition\DynamicAabbTree.h">
      <Filter>Header Files</Filter>
    </ClInclude>
    <ClInclude Include="Physics\SpatialPartition\QueryResults.h">
      <Filter>Header Files</Filter>
    </ClInclude>
    <ClInclude Include="Physics\SpatialPartition\SpatialPartitionData.h">
      <Filter>Header Files</Filter>
    </ClInclude>
    <ClInclude Include="Physics\SuppportShape\ModelSupportShape.h">
      <Filter>Header Files</Filter>
    </ClInclude>
    <ClInclude Include="Physics\SuppportShape\ObbSupportShape.h">
      <Filter>Header Files</Filter>
    </ClInclude>
    <ClInclude Include="Physics\SuppportShape\SupportShape.h">
      <Filter>Header Files</Filter>
    </ClInclude>
    <ClInclude Include="Physics\CollisionTable.h">
      <Filter>Header Files</Filter>
    </ClInclude>
    <ClInclude Include="Physics\PhysicsUtils.h">
      <Filter>Header Files</Filter>
    </ClInclude>
    <ClInclude Include="Reflection\Helpers.h">
      <Filter>Header Files</Filter>
    </ClInclude>
    <ClInclude Include="Reflection\Serialization.h">
      <Filter>Header Files</Filter>
    </ClInclude>
    <ClInclude Include="States\State.h">
      <Filter>Header Files</Filter>
    </ClInclude>
    <ClInclude Include="Systems\CustomSystem\CustomSystem.h">
      <Filter>Header Files</Filter>
    </ClInclude>
    <ClInclude Include="Systems\BaseSystem.h">
      <Filter>Header Files</Filter>
    </ClInclude>
    <ClInclude Include="Systems\CameraSystem.h">
      <Filter>Header Files</Filter>
    </ClInclude>
    <ClInclude Include="Systems\LightSystem.h">
      <Filter>Header Files</Filter>
    </ClInclude>
    <ClInclude Include="Systems\RenderingSystem.h">
      <Filter>Header Files</Filter>
    </ClInclude>
    <ClInclude Include="Systems\RigidbodySystem.h">
      <Filter>Header Files</Filter>
    </ClInclude>
    <ClInclude Include="Systems\TestSystem.h">
      <Filter>Header Files</Filter>
    </ClInclude>
    <ClInclude Include="Systems\TransformSystem.h">
      <Filter>Header Files</Filter>
    </ClInclude>
    <ClInclude Include="CantEngine.h">
      <Filter>Header Files</Filter>
    </ClInclude>
    <ClInclude Include="stdafx.h">
      <Filter>Header Files</Filter>
    </ClInclude>
    <ClInclude Include="targetver.h">
      <Filter>Header Files</Filter>
    </ClInclude>
    <ClInclude Include="Physics\Constraint.h">
      <Filter>Header Files</Filter>
    </ClInclude>
    <ClInclude Include="Physics\Geometry\RayCant.h">
      <Filter>Header Files</Filter>
    </ClInclude>
    <ClInclude Include="Physics\Geometry\Triangle.h">
      <Filter>Header Files</Filter>
    </ClInclude>
    <ClInclude Include="Physics\Gjk\CollisionManifold.h">
      <Filter>Header Files</Filter>
    </ClInclude>
    <ClInclude Include="Physics\Gjk\Gjk.h">
      <Filter>Header Files</Filter>
    </ClInclude>
    <ClInclude Include="Components\ParticleEmitterComponent.h">
      <Filter>Header Files</Filter>
    </ClInclude>
    <ClInclude Include="Graphics\InstanceRenderData.h">
      <Filter>Header Files</Filter>
    </ClInclude>
    <ClInclude Include="Systems\ParticleEmitterSystem.h">
      <Filter>Header Files</Filter>
    </ClInclude>
    <ClInclude Include="Shaders\Shading.h">
      <Filter>Header Files</Filter>
    </ClInclude>
    <ClInclude Include="Physics\SpatialPartition\CastResults.h">
      <Filter>Header Files</Filter>
    </ClInclude>
    <ClInclude Include="Graphics\AppRendererInstance.h">
      <Filter>Header Files</Filter>
    </ClInclude>
    <ClInclude Include="Components\HaloEffectComponent.h">
      <Filter>Header Files</Filter>
    </ClInclude>
    <ClInclude Include="Systems\HaloEffectSystem.h">
      <Filter>Header Files</Filter>
    </ClInclude>
    <ClInclude Include="Directory\Directory.h">
      <Filter>Header Files</Filter>
    </ClInclude>
    <ClInclude Include="Directory\User.h">
      <Filter>Header Files</Filter>
    </ClInclude>
    <ClInclude Include="Events\Input\MouseClickEvent.h">
      <Filter>Header Files</Filter>
    </ClInclude>
    <ClInclude Include="Graphics\Models\BoneModel.h">
      <Filter>Header Files</Filter>
    </ClInclude>
    <ClInclude Include="Graphics\Models\Model.h">
      <Filter>Header Files</Filter>
    </ClInclude>
    <ClInclude Include="Graphics\Models\ModelLoader.h">
      <Filter>Header Files</Filter>
    </ClInclude>
    <ClInclude Include="Graphics\Particles\ParticleRenderingInstance.h">
      <Filter>Header Files</Filter>
    </ClInclude>
    <ClInclude Include="Graphics\Particles\ParticleRendering.h">
      <Filter>Header Files</Filter>
    </ClInclude>
    <ClInclude Include="Graphics\PostEffects\MSAAResolvePass.h">
      <Filter>Header Files</Filter>
    </ClInclude>
    <ClInclude Include="Graphics\PostEffects\MSAAResolvePassInstance.h">
      <Filter>Header Files</Filter>
    </ClInclude>
    <ClInclude Include="Graphics\PostEffects\BlurImagePass.h">
      <Filter>Header Files</Filter>
    </ClInclude>
    <ClInclude Include="Graphics\PostEffects\HaloEffect.h">
      <Filter>Header Files</Filter>
    </ClInclude>
    <ClInclude Include="Graphics\Shadows\MomentShadowMapRendering.h">
      <Filter>Header Files</Filter>
    </ClInclude>
    <ClInclude Include="Graphics\Deferred\DeferredRenderingInstance.h">
      <Filter>Header Files</Filter>
    </ClInclude>
    <ClInclude Include="Graphics\Deferred\DeferredRendering.h">
      <Filter>Header Files</Filter>
    </ClInclude>
    <ClInclude Include="Graphics\Models\Mesh.h">
      <Filter>Header Files</Filter>
    </ClInclude>
    <ClInclude Include="Graphics\DebugRendering\DebugRendering.h">
      <Filter>Header Files</Filter>
    </ClInclude>
    <ClInclude Include="Graphics\DebugRendering\DebugRenderingInstance.h">
      <Filter>Header Files</Filter>
    </ClInclude>
    <ClInclude Include="CantDebug\DebugManager.h">
      <Filter>Header Files</Filter>
    </ClInclude>
    <ClInclude Include="Events\GameObject\GameObjectCreated.h">
      <Filter>Header Files</Filter>
    </ClInclude>
    <ClInclude Include="Events\GameObject\DestroyGameObject.h">
      <Filter>Header Files</Filter>
    </ClInclude>
    <ClInclude Include="Events\GameObject\GameObjectEvents.h">
      <Filter>Header Files</Filter>
    </ClInclude>
    <ClInclude Include="Animation\Animation.h">
      <Filter>Header Files</Filter>
    </ClInclude>
    <ClInclude Include="Animation\Bone.h">
      <Filter>Header Files</Filter>
    </ClInclude>
    <ClInclude Include="Animation\Interpolation.h">
      <Filter>Header Files</Filter>
    </ClInclude>
    <ClInclude Include="Animation\Quaternion.h">
      <Filter>Header Files</Filter>
    </ClInclude>
    <ClInclude Include="Systems\AnimationSystem.h">
      <Filter>Header Files</Filter>
    </ClInclude>
    <ClInclude Include="Components\AnimationComponent.h">
      <Filter>Header Files</Filter>
    </ClInclude>
    <ClInclude Include="Animation\FBXLoader.h">
      <Filter>Header Files</Filter>
    </ClInclude>
    <ClInclude Include="Animation\AnimModel.h">
      <Filter>Header Files</Filter>
    </ClInclude>
    <ClInclude Include="Graphics\IBL\EquirectangularToSkyboxRender.h">
      <Filter>Header Files</Filter>
    </ClInclude>
    <ClInclude Include="Graphics\IBL\BRDFLookupTexturePass.h">
      <Filter>Header Files</Filter>
    </ClInclude>
    <ClInclude Include="Graphics\IBL\IBLFilterEnvMapPass.h">
      <Filter>Header Files</Filter>
    </ClInclude>
    <ClInclude Include="Components\SkyboxIrradianceComponent.h">
      <Filter>Header Files</Filter>
    </ClInclude>
    <ClInclude Include="Systems\SkyboxIrradianceSystem.h">
      <Filter>Header Files</Filter>
    </ClInclude>
    <ClInclude Include="Components\UIComponent.h">
      <Filter>Header Files</Filter>
    </ClInclude>
    <ClInclude Include="Systems\UISystem.h">
      <Filter>Header Files</Filter>
    </ClInclude>
    <ClInclude Include="Events\State\StateEvents.h">
      <Filter>Header Files</Filter>
    </ClInclude>
    <ClInclude Include="Events\State\StateEvents.h">
      <Filter>Header Files</Filter>
    </ClInclude>
    <ClInclude Include="Graphics\UI_Rendering\UIObjectRendering.h">
      <Filter>Header Files</Filter>
    </ClInclude>
    <ClInclude Include="Graphics\UI_Rendering\UIObjectRenderingInstance.h">
      <Filter>Header Files</Filter>
    </ClInclude>
    <ClInclude Include="Managers\AudioManager.h">
      <Filter>Header Files</Filter>
    </ClInclude>
    <ClInclude Include="Audio\AudioTypes.h">
      <Filter>Header Files</Filter>
    </ClInclude>
    <ClInclude Include="Events\Audio\AudioEvents.h">
      <Filter>Header Files</Filter>
    </ClInclude>
    <ClInclude Include="Graphics\TextRendering\TextRendering.h">
      <Filter>Header Files</Filter>
    </ClInclude>
    <ClInclude Include="Components\AffineAnimationComponent.h">
      <Filter>Header Files</Filter>
    </ClInclude>
    <ClInclude Include="Animation\AnimatorController.h">
      <Filter>Header Files</Filter>
    </ClInclude>
    <ClInclude Include="Animation\AnimConditions.h">
      <Filter>Header Files</Filter>
    </ClInclude>
    <ClInclude Include="Graphics\TextRendering\TextRenderingInstance.h">
      <Filter>Header Files</Filter>
    </ClInclude>
  </ItemGroup>
</Project>